
Microsoft Visual Studio Solution File, Format Version 12.00
# Visual Studio Version 16
VisualStudioVersion = 16.0.29306.81
MinimumVisualStudioVersion = 10.0.40219.1
Project("{FAE04EC0-301F-11D3-BF4B-00C04F79EFBC}") = "RegistroProteinas", "RegistroProteinas.csproj", "{44ABE3E4-6519-4AAA-88FB-EA78A95047F1}"
EndProject
Global
	GlobalSection(SolutionConfigurationPlatforms) = preSolution
		Debug|Any CPU = Debug|Any CPU
		Release|Any CPU = Release|Any CPU
	EndGlobalSection
	GlobalSection(ProjectConfigurationPlatforms) = postSolution
		{44ABE3E4-6519-4AAA-88FB-EA78A95047F1}.Debug|Any CPU.ActiveCfg = Debug|Any CPU
		{44ABE3E4-6519-4AAA-88FB-EA78A95047F1}.Debug|Any CPU.Build.0 = Debug|Any CPU
		{44ABE3E4-6519-4AAA-88FB-EA78A95047F1}.Release|Any CPU.ActiveCfg = Release|Any CPU
		{44ABE3E4-6519-4AAA-88FB-EA78A95047F1}.Release|Any CPU.Build.0 = Release|Any CPU
	EndGlobalSection
	GlobalSection(SolutionProperties) = preSolution
		HideSolutionNode = FALSE
	EndGlobalSection
	GlobalSection(ExtensibilityGlobals) = postSolution
		SolutionGuid = {88F5626C-0825-4494-849E-2FA8963A89D7}
	EndGlobalSection
EndGlobal
