
Microsoft Visual Studio Solution File, Format Version 12.00
# Visual Studio Version 16
VisualStudioVersion = 16.0.29409.12
MinimumVisualStudioVersion = 10.0.40219.1
Project("{FAE04EC0-301F-11D3-BF4B-00C04F79EFBC}") = "ProteinTracking", "ProteinTracking.csproj", "{9333657F-4023-46D1-A070-4E613B406D0B}"
EndProject
Global
	GlobalSection(SolutionConfigurationPlatforms) = preSolution
		Debug|Any CPU = Debug|Any CPU
		Release|Any CPU = Release|Any CPU
	EndGlobalSection
	GlobalSection(ProjectConfigurationPlatforms) = postSolution
		{9333657F-4023-46D1-A070-4E613B406D0B}.Debug|Any CPU.ActiveCfg = Debug|Any CPU
		{9333657F-4023-46D1-A070-4E613B406D0B}.Debug|Any CPU.Build.0 = Debug|Any CPU
		{9333657F-4023-46D1-A070-4E613B406D0B}.Release|Any CPU.ActiveCfg = Release|Any CPU
		{9333657F-4023-46D1-A070-4E613B406D0B}.Release|Any CPU.Build.0 = Release|Any CPU
	EndGlobalSection
	GlobalSection(SolutionProperties) = preSolution
		HideSolutionNode = FALSE
	EndGlobalSection
	GlobalSection(ExtensibilityGlobals) = postSolution
		SolutionGuid = {F5369B94-0941-458D-83F6-1B116A540120}
	EndGlobalSection
EndGlobal
